
Microsoft Visual Studio Solution File, Format Version 12.00
# Visual Studio Version 16
VisualStudioVersion = 16.0.30523.141
MinimumVisualStudioVersion = 10.0.40219.1
Project("{FAE04EC0-301F-11D3-BF4B-00C04F79EFBC}") = "UI", "UI\UI.csproj", "{4C7826FC-5446-4B49-B83E-4A530037BA38}"
EndProject
Project("{FAE04EC0-301F-11D3-BF4B-00C04F79EFBC}") = "Business", "Business\Business.csproj", "{3296F814-265C-4593-A5AE-74B50AF09071}"
EndProject
Project("{00D1A9C2-B5F0-4AF3-8072-F6C62B433612}") = "Database", "Database1\Database.sqlproj", "{EC345EF8-1FF4-41D5-82D0-AD303C01D125}"
EndProject
Global
	GlobalSection(SolutionConfigurationPlatforms) = preSolution
		Debug|Any CPU = Debug|Any CPU
		Release|Any CPU = Release|Any CPU
	EndGlobalSection
	GlobalSection(ProjectConfigurationPlatforms) = postSolution
		{4C7826FC-5446-4B49-B83E-4A530037BA38}.Debug|Any CPU.ActiveCfg = Debug|Any CPU
		{4C7826FC-5446-4B49-B83E-4A530037BA38}.Debug|Any CPU.Build.0 = Debug|Any CPU
		{4C7826FC-5446-4B49-B83E-4A530037BA38}.Release|Any CPU.ActiveCfg = Release|Any CPU
		{4C7826FC-5446-4B49-B83E-4A530037BA38}.Release|Any CPU.Build.0 = Release|Any CPU
		{3296F814-265C-4593-A5AE-74B50AF09071}.Debug|Any CPU.ActiveCfg = Debug|Any CPU
		{3296F814-265C-4593-A5AE-74B50AF09071}.Debug|Any CPU.Build.0 = Debug|Any CPU
		{3296F814-265C-4593-A5AE-74B50AF09071}.Release|Any CPU.ActiveCfg = Release|Any CPU
		{3296F814-265C-4593-A5AE-74B50AF09071}.Release|Any CPU.Build.0 = Release|Any CPU
		{EC345EF8-1FF4-41D5-82D0-AD303C01D125}.Debug|Any CPU.ActiveCfg = Debug|Any CPU
		{EC345EF8-1FF4-41D5-82D0-AD303C01D125}.Debug|Any CPU.Build.0 = Debug|Any CPU
		{EC345EF8-1FF4-41D5-82D0-AD303C01D125}.Debug|Any CPU.Deploy.0 = Debug|Any CPU
		{EC345EF8-1FF4-41D5-82D0-AD303C01D125}.Release|Any CPU.ActiveCfg = Release|Any CPU
		{EC345EF8-1FF4-41D5-82D0-AD303C01D125}.Release|Any CPU.Build.0 = Release|Any CPU
		{EC345EF8-1FF4-41D5-82D0-AD303C01D125}.Release|Any CPU.Deploy.0 = Release|Any CPU
	EndGlobalSection
	GlobalSection(SolutionProperties) = preSolution
		HideSolutionNode = FALSE
	EndGlobalSection
	GlobalSection(ExtensibilityGlobals) = postSolution
		SolutionGuid = {36CF3312-A107-4EBB-9A35-719250F153F6}
	EndGlobalSection
EndGlobal
